
Microsoft Visual Studio Solution File, Format Version 12.00
# Visual Studio Version 17
VisualStudioVersion = 17.7.34031.279
MinimumVisualStudioVersion = 10.0.40219.1
Project("{FAE04EC0-301F-11D3-BF4B-00C04F79EFBC}") = "CapaDatos", "CapaDatos\CapaDatos.csproj", "{358E2C38-517E-4E0B-A98E-0DE02E02B7D8}"
EndProject
Project("{FAE04EC0-301F-11D3-BF4B-00C04F79EFBC}") = "ProyectoADO", "ProyectoADO\ProyectoADO.csproj", "{BC14A9ED-8ECC-4580-A152-A4D2462C0052}"
EndProject
Global
	GlobalSection(SolutionConfigurationPlatforms) = preSolution
		Debug|Any CPU = Debug|Any CPU
		Release|Any CPU = Release|Any CPU
	EndGlobalSection
	GlobalSection(ProjectConfigurationPlatforms) = postSolution
		{358E2C38-517E-4E0B-A98E-0DE02E02B7D8}.Debug|Any CPU.ActiveCfg = Debug|Any CPU
		{358E2C38-517E-4E0B-A98E-0DE02E02B7D8}.Debug|Any CPU.Build.0 = Debug|Any CPU
		{358E2C38-517E-4E0B-A98E-0DE02E02B7D8}.Release|Any CPU.ActiveCfg = Release|Any CPU
		{358E2C38-517E-4E0B-A98E-0DE02E02B7D8}.Release|Any CPU.Build.0 = Release|Any CPU
		{BC14A9ED-8ECC-4580-A152-A4D2462C0052}.Debug|Any CPU.ActiveCfg = Debug|Any CPU
		{BC14A9ED-8ECC-4580-A152-A4D2462C0052}.Debug|Any CPU.Build.0 = Debug|Any CPU
		{BC14A9ED-8ECC-4580-A152-A4D2462C0052}.Release|Any CPU.ActiveCfg = Release|Any CPU
		{BC14A9ED-8ECC-4580-A152-A4D2462C0052}.Release|Any CPU.Build.0 = Release|Any CPU
	EndGlobalSection
	GlobalSection(SolutionProperties) = preSolution
		HideSolutionNode = FALSE
	EndGlobalSection
	GlobalSection(ExtensibilityGlobals) = postSolution
		SolutionGuid = {85916729-6E35-4C84-9D5A-00A64439EAE2}
	EndGlobalSection
EndGlobal
